
Microsoft Visual Studio Solution File, Format Version 12.00
# Visual Studio 15
VisualStudioVersion = 15.0.27130.2020
MinimumVisualStudioVersion = 10.0.40219.1
Project("{262852C6-CD72-467D-83FE-5EEB1973A190}") = "GemHunt", "GemHunt\GemHunt.jsproj", "{BD350A0A-1578-474E-BF72-B70F140EC389}"
EndProject
Global
	GlobalSection(SolutionConfigurationPlatforms) = preSolution
		Debug|Android = Debug|Android
		Debug|iOS = Debug|iOS
		Debug|Windows-ARM = Debug|Windows-ARM
		Debug|Windows-x64 = Debug|Windows-x64
		Debug|Windows-x86 = Debug|Windows-x86
		Release|Android = Release|Android
		Release|iOS = Release|iOS
		Release|Windows-ARM = Release|Windows-ARM
		Release|Windows-x64 = Release|Windows-x64
		Release|Windows-x86 = Release|Windows-x86
	EndGlobalSection
	GlobalSection(ProjectConfigurationPlatforms) = postSolution
		{BD350A0A-1578-474E-BF72-B70F140EC389}.Debug|Android.ActiveCfg = Debug|Android
		{BD350A0A-1578-474E-BF72-B70F140EC389}.Debug|Android.Build.0 = Debug|Android
		{BD350A0A-1578-474E-BF72-B70F140EC389}.Debug|Android.Deploy.0 = Debug|Android
		{BD350A0A-1578-474E-BF72-B70F140EC389}.Debug|iOS.ActiveCfg = Debug|iOS
		{BD350A0A-1578-474E-BF72-B70F140EC389}.Debug|iOS.Build.0 = Debug|iOS
		{BD350A0A-1578-474E-BF72-B70F140EC389}.Debug|iOS.Deploy.0 = Debug|iOS
		{BD350A0A-1578-474E-BF72-B70F140EC389}.Debug|Windows-ARM.ActiveCfg = Debug|Windows-ARM
		{BD350A0A-1578-474E-BF72-B70F140EC389}.Debug|Windows-ARM.Build.0 = Debug|Windows-ARM
		{BD350A0A-1578-474E-BF72-B70F140EC389}.Debug|Windows-ARM.Deploy.0 = Debug|Windows-ARM
		{BD350A0A-1578-474E-BF72-B70F140EC389}.Debug|Windows-x64.ActiveCfg = Debug|Windows-x64
		{BD350A0A-1578-474E-BF72-B70F140EC389}.Debug|Windows-x64.Build.0 = Debug|Windows-x64
		{BD350A0A-1578-474E-BF72-B70F140EC389}.Debug|Windows-x64.Deploy.0 = Debug|Windows-x64
		{BD350A0A-1578-474E-BF72-B70F140EC389}.Debug|Windows-x86.ActiveCfg = Debug|Windows-x86
		{BD350A0A-1578-474E-BF72-B70F140EC389}.Debug|Windows-x86.Build.0 = Debug|Windows-x86
		{BD350A0A-1578-474E-BF72-B70F140EC389}.Debug|Windows-x86.Deploy.0 = Debug|Windows-x86
		{BD350A0A-1578-474E-BF72-B70F140EC389}.Release|Android.ActiveCfg = Release|Android
		{BD350A0A-1578-474E-BF72-B70F140EC389}.Release|Android.Build.0 = Release|Android
		{BD350A0A-1578-474E-BF72-B70F140EC389}.Release|Android.Deploy.0 = Release|Android
		{BD350A0A-1578-474E-BF72-B70F140EC389}.Release|iOS.ActiveCfg = Release|iOS
		{BD350A0A-1578-474E-BF72-B70F140EC389}.Release|iOS.Build.0 = Release|iOS
		{BD350A0A-1578-474E-BF72-B70F140EC389}.Release|iOS.Deploy.0 = Release|iOS
		{BD350A0A-1578-474E-BF72-B70F140EC389}.Release|Windows-ARM.ActiveCfg = Release|Windows-ARM
		{BD350A0A-1578-474E-BF72-B70F140EC389}.Release|Windows-ARM.Build.0 = Release|Windows-ARM
		{BD350A0A-1578-474E-BF72-B70F140EC389}.Release|Windows-ARM.Deploy.0 = Release|Windows-ARM
		{BD350A0A-1578-474E-BF72-B70F140EC389}.Release|Windows-x64.ActiveCfg = Release|Windows-x64
		{BD350A0A-1578-474E-BF72-B70F140EC389}.Release|Windows-x64.Build.0 = Release|Windows-x64
		{BD350A0A-1578-474E-BF72-B70F140EC389}.Release|Windows-x64.Deploy.0 = Release|Windows-x64
		{BD350A0A-1578-474E-BF72-B70F140EC389}.Release|Windows-x86.ActiveCfg = Release|Windows-x86
		{BD350A0A-1578-474E-BF72-B70F140EC389}.Release|Windows-x86.Build.0 = Release|Windows-x86
		{BD350A0A-1578-474E-BF72-B70F140EC389}.Release|Windows-x86.Deploy.0 = Release|Windows-x86
	EndGlobalSection
	GlobalSection(SolutionProperties) = preSolution
		HideSolutionNode = FALSE
	EndGlobalSection
	GlobalSection(ExtensibilityGlobals) = postSolution
		SolutionGuid = {570BF5FF-7A63-47EC-876C-D10CD466A1E0}
	EndGlobalSection
EndGlobal
